
Microsoft Visual Studio Solution File, Format Version 12.00
# Visual Studio Version 17
VisualStudioVersion = 17.9.34714.143
MinimumVisualStudioVersion = 10.0.40219.1
Project("{9A19103F-16F7-4668-BE54-9A1E7A4F7556}") = "DesktopApp", "DesktopApp.csproj", "{B516DDD1-38F8-43C1-B6B8-32B35CA95CEB}"
EndProject
Project("{9A19103F-16F7-4668-BE54-9A1E7A4F7556}") = "ApiAcademiaNet", "..\..\..\..\..\FACULTAD\CARPETA 2\Electivas\.net 2024\Proyecto\ApiAcademiaNet\ApiAcademiaNet.csproj", "{EF9ABD5B-A42C-4765-97BB-2AFC1D0FFB95}"
EndProject
Project("{54A90642-561A-4BB1-A94E-469ADEE60C69}") = "academianetweb", "..\..\..\..\..\FACULTAD\CARPETA 2\Electivas\.net 2024\Proyecto\AcademiaNetWeb\academianetweb.esproj", "{E81BD0AA-B9BC-4D76-8BDD-A77E0A41F9B9}"
EndProject
Global
	GlobalSection(SolutionConfigurationPlatforms) = preSolution
		Debug|Any CPU = Debug|Any CPU
		Release|Any CPU = Release|Any CPU
	EndGlobalSection
	GlobalSection(ProjectConfigurationPlatforms) = postSolution
		{B516DDD1-38F8-43C1-B6B8-32B35CA95CEB}.Debug|Any CPU.ActiveCfg = Debug|Any CPU
		{B516DDD1-38F8-43C1-B6B8-32B35CA95CEB}.Debug|Any CPU.Build.0 = Debug|Any CPU
		{B516DDD1-38F8-43C1-B6B8-32B35CA95CEB}.Release|Any CPU.ActiveCfg = Release|Any CPU
		{B516DDD1-38F8-43C1-B6B8-32B35CA95CEB}.Release|Any CPU.Build.0 = Release|Any CPU
		{EF9ABD5B-A42C-4765-97BB-2AFC1D0FFB95}.Debug|Any CPU.ActiveCfg = Debug|Any CPU
		{EF9ABD5B-A42C-4765-97BB-2AFC1D0FFB95}.Debug|Any CPU.Build.0 = Debug|Any CPU
		{EF9ABD5B-A42C-4765-97BB-2AFC1D0FFB95}.Release|Any CPU.ActiveCfg = Release|Any CPU
		{EF9ABD5B-A42C-4765-97BB-2AFC1D0FFB95}.Release|Any CPU.Build.0 = Release|Any CPU
		{E81BD0AA-B9BC-4D76-8BDD-A77E0A41F9B9}.Debug|Any CPU.ActiveCfg = Debug|Any CPU
		{E81BD0AA-B9BC-4D76-8BDD-A77E0A41F9B9}.Debug|Any CPU.Build.0 = Debug|Any CPU
		{E81BD0AA-B9BC-4D76-8BDD-A77E0A41F9B9}.Debug|Any CPU.Deploy.0 = Debug|Any CPU
		{E81BD0AA-B9BC-4D76-8BDD-A77E0A41F9B9}.Release|Any CPU.ActiveCfg = Release|Any CPU
		{E81BD0AA-B9BC-4D76-8BDD-A77E0A41F9B9}.Release|Any CPU.Build.0 = Release|Any CPU
		{E81BD0AA-B9BC-4D76-8BDD-A77E0A41F9B9}.Release|Any CPU.Deploy.0 = Release|Any CPU
	EndGlobalSection
	GlobalSection(SolutionProperties) = preSolution
		HideSolutionNode = FALSE
	EndGlobalSection
	GlobalSection(ExtensibilityGlobals) = postSolution
		SolutionGuid = {5A86E353-0ADB-4D94-8D4E-B05484BE51E7}
	EndGlobalSection
EndGlobal
