
Microsoft Visual Studio Solution File, Format Version 12.00
# Visual Studio Version 17
VisualStudioVersion = 17.9.34714.143
MinimumVisualStudioVersion = 10.0.40219.1
Project("{9A19103F-16F7-4668-BE54-9A1E7A4F7556}") = "DesktopApp", "DesktopApp.csproj", "{B516DDD1-38F8-43C1-B6B8-32B35CA95CEB}"
EndProject
Project("{9A19103F-16F7-4668-BE54-9A1E7A4F7556}") = "Domain", "..\Domain\Domain.csproj", "{441F7D50-A2C9-4BB3-8493-F0337615CCB8}"
EndProject
Project("{9A19103F-16F7-4668-BE54-9A1E7A4F7556}") = "Services", "..\Services\Services.csproj", "{96970D1D-434F-46B0-ACF7-13B53A8D39FB}"
EndProject
Project("{9A19103F-16F7-4668-BE54-9A1E7A4F7556}") = "WebApp", "..\WebApp\WebApp.csproj", "{5A93C4E0-CE3C-4195-BA74-9C9E7BBCB286}"
EndProject
Project("{9A19103F-16F7-4668-BE54-9A1E7A4F7556}") = "DataAcces", "..\DataAcces\DataAcces.csproj", "{6586C4A7-C304-41B0-A564-70905E16AB0A}"
EndProject
Project("{9A19103F-16F7-4668-BE54-9A1E7A4F7556}") = "ABM-Alumno", "..\..\..\..\..\Documents\Labs\Unidad.4.Lab.2.ArchivosTXTyXMLconADO.Net\ABM-Alumno\ABM-Alumno.csproj", "{8CDE28FE-7A6A-4A46-BB0F-CB0C9F37DED7}"
EndProject
Global
	GlobalSection(SolutionConfigurationPlatforms) = preSolution
		Debug|Any CPU = Debug|Any CPU
		Release|Any CPU = Release|Any CPU
	EndGlobalSection
	GlobalSection(ProjectConfigurationPlatforms) = postSolution
		{B516DDD1-38F8-43C1-B6B8-32B35CA95CEB}.Debug|Any CPU.ActiveCfg = Debug|Any CPU
		{B516DDD1-38F8-43C1-B6B8-32B35CA95CEB}.Debug|Any CPU.Build.0 = Debug|Any CPU
		{B516DDD1-38F8-43C1-B6B8-32B35CA95CEB}.Release|Any CPU.ActiveCfg = Release|Any CPU
		{B516DDD1-38F8-43C1-B6B8-32B35CA95CEB}.Release|Any CPU.Build.0 = Release|Any CPU
		{441F7D50-A2C9-4BB3-8493-F0337615CCB8}.Debug|Any CPU.ActiveCfg = Debug|Any CPU
		{441F7D50-A2C9-4BB3-8493-F0337615CCB8}.Debug|Any CPU.Build.0 = Debug|Any CPU
		{441F7D50-A2C9-4BB3-8493-F0337615CCB8}.Release|Any CPU.ActiveCfg = Release|Any CPU
		{441F7D50-A2C9-4BB3-8493-F0337615CCB8}.Release|Any CPU.Build.0 = Release|Any CPU
		{96970D1D-434F-46B0-ACF7-13B53A8D39FB}.Debug|Any CPU.ActiveCfg = Debug|Any CPU
		{96970D1D-434F-46B0-ACF7-13B53A8D39FB}.Debug|Any CPU.Build.0 = Debug|Any CPU
		{96970D1D-434F-46B0-ACF7-13B53A8D39FB}.Release|Any CPU.ActiveCfg = Release|Any CPU
		{96970D1D-434F-46B0-ACF7-13B53A8D39FB}.Release|Any CPU.Build.0 = Release|Any CPU
		{5A93C4E0-CE3C-4195-BA74-9C9E7BBCB286}.Debug|Any CPU.ActiveCfg = Debug|Any CPU
		{5A93C4E0-CE3C-4195-BA74-9C9E7BBCB286}.Debug|Any CPU.Build.0 = Debug|Any CPU
		{5A93C4E0-CE3C-4195-BA74-9C9E7BBCB286}.Release|Any CPU.ActiveCfg = Release|Any CPU
		{5A93C4E0-CE3C-4195-BA74-9C9E7BBCB286}.Release|Any CPU.Build.0 = Release|Any CPU
		{6586C4A7-C304-41B0-A564-70905E16AB0A}.Debug|Any CPU.ActiveCfg = Debug|Any CPU
		{6586C4A7-C304-41B0-A564-70905E16AB0A}.Debug|Any CPU.Build.0 = Debug|Any CPU
		{6586C4A7-C304-41B0-A564-70905E16AB0A}.Release|Any CPU.ActiveCfg = Release|Any CPU
		{6586C4A7-C304-41B0-A564-70905E16AB0A}.Release|Any CPU.Build.0 = Release|Any CPU
		{8CDE28FE-7A6A-4A46-BB0F-CB0C9F37DED7}.Debug|Any CPU.ActiveCfg = Debug|Any CPU
		{8CDE28FE-7A6A-4A46-BB0F-CB0C9F37DED7}.Debug|Any CPU.Build.0 = Debug|Any CPU
		{8CDE28FE-7A6A-4A46-BB0F-CB0C9F37DED7}.Release|Any CPU.ActiveCfg = Release|Any CPU
		{8CDE28FE-7A6A-4A46-BB0F-CB0C9F37DED7}.Release|Any CPU.Build.0 = Release|Any CPU
	EndGlobalSection
	GlobalSection(SolutionProperties) = preSolution
		HideSolutionNode = FALSE
	EndGlobalSection
	GlobalSection(ExtensibilityGlobals) = postSolution
		SolutionGuid = {5A86E353-0ADB-4D94-8D4E-B05484BE51E7}
	EndGlobalSection
EndGlobal
